
Microsoft Visual Studio Solution File, Format Version 12.00
# Visual Studio Version 16
VisualStudioVersion = 16.0.29209.62
MinimumVisualStudioVersion = 10.0.40219.1
Project("{FAE04EC0-301F-11D3-BF4B-00C04F79EFBC}") = "HighChart1", "HighChart1\HighChart1.csproj", "{E8FAEBEA-DE8D-4DD6-AB9B-6EE4FB2B500D}"
EndProject
Global
	GlobalSection(SolutionConfigurationPlatforms) = preSolution
		Debug|Any CPU = Debug|Any CPU
		Release|Any CPU = Release|Any CPU
	EndGlobalSection
	GlobalSection(ProjectConfigurationPlatforms) = postSolution
		{E8FAEBEA-DE8D-4DD6-AB9B-6EE4FB2B500D}.Debug|Any CPU.ActiveCfg = Debug|Any CPU
		{E8FAEBEA-DE8D-4DD6-AB9B-6EE4FB2B500D}.Debug|Any CPU.Build.0 = Debug|Any CPU
		{E8FAEBEA-DE8D-4DD6-AB9B-6EE4FB2B500D}.Release|Any CPU.ActiveCfg = Release|Any CPU
		{E8FAEBEA-DE8D-4DD6-AB9B-6EE4FB2B500D}.Release|Any CPU.Build.0 = Release|Any CPU
	EndGlobalSection
	GlobalSection(SolutionProperties) = preSolution
		HideSolutionNode = FALSE
	EndGlobalSection
	GlobalSection(ExtensibilityGlobals) = postSolution
		SolutionGuid = {5B2D209D-269A-4B06-BC39-77A0CFB815FD}
	EndGlobalSection
EndGlobal
